
Microsoft Visual Studio Solution File, Format Version 12.00
# Visual Studio Version 17
VisualStudioVersion = 17.2.32505.173
MinimumVisualStudioVersion = 10.0.40219.1
Project("{FAE04EC0-301F-11D3-BF4B-00C04F79EFBC}") = "Activity 1 (lab 8)", "Activity 1 (lab 8).csproj", "{D6B618C0-697C-4798-ACE1-A795EC1987DB}"
EndProject
Global
	GlobalSection(SolutionConfigurationPlatforms) = preSolution
		Debug|Any CPU = Debug|Any CPU
		Release|Any CPU = Release|Any CPU
	EndGlobalSection
	GlobalSection(ProjectConfigurationPlatforms) = postSolution
		{D6B618C0-697C-4798-ACE1-A795EC1987DB}.Debug|Any CPU.ActiveCfg = Debug|Any CPU
		{D6B618C0-697C-4798-ACE1-A795EC1987DB}.Debug|Any CPU.Build.0 = Debug|Any CPU
		{D6B618C0-697C-4798-ACE1-A795EC1987DB}.Release|Any CPU.ActiveCfg = Release|Any CPU
		{D6B618C0-697C-4798-ACE1-A795EC1987DB}.Release|Any CPU.Build.0 = Release|Any CPU
	EndGlobalSection
	GlobalSection(SolutionProperties) = preSolution
		HideSolutionNode = FALSE
	EndGlobalSection
	GlobalSection(ExtensibilityGlobals) = postSolution
		SolutionGuid = {1213D4DF-B84B-40CD-A39B-86E70E345DB8}
	EndGlobalSection
EndGlobal
