
Microsoft Visual Studio Solution File, Format Version 12.00
# Visual Studio Version 17
VisualStudioVersion = 17.11.35312.102
MinimumVisualStudioVersion = 10.0.40219.1
Project("{FAE04EC0-301F-11D3-BF4B-00C04F79EFBC}") = "aimah lab 5", "aimah lab 5.csproj", "{295C8DED-E7BA-4AD4-954C-717FCAC0275C}"
EndProject
Global
	GlobalSection(SolutionConfigurationPlatforms) = preSolution
		Debug|Any CPU = Debug|Any CPU
		Release|Any CPU = Release|Any CPU
	EndGlobalSection
	GlobalSection(ProjectConfigurationPlatforms) = postSolution
		{295C8DED-E7BA-4AD4-954C-717FCAC0275C}.Debug|Any CPU.ActiveCfg = Debug|Any CPU
		{295C8DED-E7BA-4AD4-954C-717FCAC0275C}.Debug|Any CPU.Build.0 = Debug|Any CPU
		{295C8DED-E7BA-4AD4-954C-717FCAC0275C}.Release|Any CPU.ActiveCfg = Release|Any CPU
		{295C8DED-E7BA-4AD4-954C-717FCAC0275C}.Release|Any CPU.Build.0 = Release|Any CPU
	EndGlobalSection
	GlobalSection(SolutionProperties) = preSolution
		HideSolutionNode = FALSE
	EndGlobalSection
	GlobalSection(ExtensibilityGlobals) = postSolution
		SolutionGuid = {32AC1D66-3806-4811-B080-3746B91B0FB4}
	EndGlobalSection
EndGlobal
