
Microsoft Visual Studio Solution File, Format Version 12.00
# Visual Studio Version 17
VisualStudioVersion = 17.2.32505.173
MinimumVisualStudioVersion = 10.0.40219.1
Project("{FAE04EC0-301F-11D3-BF4B-00C04F79EFBC}") = "lab 7", "lab 7.csproj", "{BBDCBE1D-FC25-4F13-AB8E-916E185BDB7B}"
EndProject
Global
	GlobalSection(SolutionConfigurationPlatforms) = preSolution
		Debug|Any CPU = Debug|Any CPU
		Release|Any CPU = Release|Any CPU
	EndGlobalSection
	GlobalSection(ProjectConfigurationPlatforms) = postSolution
		{BBDCBE1D-FC25-4F13-AB8E-916E185BDB7B}.Debug|Any CPU.ActiveCfg = Debug|Any CPU
		{BBDCBE1D-FC25-4F13-AB8E-916E185BDB7B}.Debug|Any CPU.Build.0 = Debug|Any CPU
		{BBDCBE1D-FC25-4F13-AB8E-916E185BDB7B}.Release|Any CPU.ActiveCfg = Release|Any CPU
		{BBDCBE1D-FC25-4F13-AB8E-916E185BDB7B}.Release|Any CPU.Build.0 = Release|Any CPU
	EndGlobalSection
	GlobalSection(SolutionProperties) = preSolution
		HideSolutionNode = FALSE
	EndGlobalSection
	GlobalSection(ExtensibilityGlobals) = postSolution
		SolutionGuid = {79285361-92A6-4E37-92D6-DCCBE3D79206}
	EndGlobalSection
EndGlobal
