
Microsoft Visual Studio Solution File, Format Version 12.00
# Visual Studio Version 17
VisualStudioVersion = 17.2.32505.173
MinimumVisualStudioVersion = 10.0.40219.1
Project("{FAE04EC0-301F-11D3-BF4B-00C04F79EFBC}") = "Assignment 02", "Assignment 02.csproj", "{9EF3AD39-4674-414F-AC6B-359175C2031D}"
EndProject
Global
	GlobalSection(SolutionConfigurationPlatforms) = preSolution
		Debug|Any CPU = Debug|Any CPU
		Release|Any CPU = Release|Any CPU
	EndGlobalSection
	GlobalSection(ProjectConfigurationPlatforms) = postSolution
		{9EF3AD39-4674-414F-AC6B-359175C2031D}.Debug|Any CPU.ActiveCfg = Debug|Any CPU
		{9EF3AD39-4674-414F-AC6B-359175C2031D}.Debug|Any CPU.Build.0 = Debug|Any CPU
		{9EF3AD39-4674-414F-AC6B-359175C2031D}.Release|Any CPU.ActiveCfg = Release|Any CPU
		{9EF3AD39-4674-414F-AC6B-359175C2031D}.Release|Any CPU.Build.0 = Release|Any CPU
	EndGlobalSection
	GlobalSection(SolutionProperties) = preSolution
		HideSolutionNode = FALSE
	EndGlobalSection
	GlobalSection(ExtensibilityGlobals) = postSolution
		SolutionGuid = {65919E54-0DA8-48B6-8EA1-02731A1FD334}
	EndGlobalSection
EndGlobal
